
Microsoft Visual Studio Solution File, Format Version 12.00
# Visual Studio Version 17
VisualStudioVersion = 17.14.36915.13 d17.14
MinimumVisualStudioVersion = 10.0.40219.1
Project("{FAE04EC0-301F-11D3-BF4B-00C04F79EFBC}") = "G-NET-27-Advacned-02", "G-NET-27-Advacned-02\G-NET-27-Advacned-02.csproj", "{1251943D-0D12-44DA-B079-940B80CB9DDF}"
EndProject
Global
	GlobalSection(SolutionConfigurationPlatforms) = preSolution
		Debug|Any CPU = Debug|Any CPU
		Release|Any CPU = Release|Any CPU
	EndGlobalSection
	GlobalSection(ProjectConfigurationPlatforms) = postSolution
		{1251943D-0D12-44DA-B079-940B80CB9DDF}.Debug|Any CPU.ActiveCfg = Debug|Any CPU
		{1251943D-0D12-44DA-B079-940B80CB9DDF}.Debug|Any CPU.Build.0 = Debug|Any CPU
		{1251943D-0D12-44DA-B079-940B80CB9DDF}.Release|Any CPU.ActiveCfg = Release|Any CPU
		{1251943D-0D12-44DA-B079-940B80CB9DDF}.Release|Any CPU.Build.0 = Release|Any CPU
	EndGlobalSection
	GlobalSection(SolutionProperties) = preSolution
		HideSolutionNode = FALSE
	EndGlobalSection
	GlobalSection(ExtensibilityGlobals) = postSolution
		SolutionGuid = {B1691401-EE8B-4584-AB09-E827EB3B58F4}
	EndGlobalSection
EndGlobal
